<?xml version="1.0" encoding="utf-8"?>
<Project ToolsVersion="4.0" xmlns="http://schemas.microsoft.com/developer/msbuild/2003">
  <ItemGroup>
    <Filter Include="Source Files">
      <UniqueIdentifier>{4FC737F1-C7A5-4376-A066-2A32D752A2FF}</UniqueIdentifier>
      <Extensions>cpp;c;cc;cxx;c++;cppm;ixx;def;odl;idl;hpj;bat;asm;asmx</Extensions>
    </Filter>
    <Filter Include="Header Files">
      <UniqueIdentifier>{93995380-89BD-4b04-88EB-625FBE52EBFB}</UniqueIdentifier>
      <Extensions>h;hh;hpp;hxx;h++;hm;inl;inc;ipp;xsd</Extensions>
    </Filter>
    <Filter Include="Resource Files">
      <UniqueIdentifier>{67DA6AB6-F800-4c08-8B7A-83BB121AAD01}</UniqueIdentifier>
      <Extensions>rc;ico;cur;bmp;dlg;rc2;rct;bin;rgs;gif;jpg;jpeg;jpe;resx;tiff;tif;png;wav;mfcribbon-ms</Extensions>
    </Filter>
    <Filter Include="imgui">
      <UniqueIdentifier>{e8282e82-2f5f-4c2f-bb6c-4a1955f15e75}</UniqueIdentifier>
    </Filter>
    <Filter Include="imguigl">
      <UniqueIdentifier>{3c0b853f-0cd4-401d-8e8f-f7edb3e26838}</UniqueIdentifier>
    </Filter>
    <Filter Include="shaders">
      <UniqueIdentifier>{a3cc9584-f0be-462a-9b08-b2f69ac70c57}</UniqueIdentifier>
    </Filter>
    <Filter Include="Render">
      <UniqueIdentifier>{10e18f04-c926-4000-8a11-3a5956620674}</UniqueIdentifier>
    </Filter>
    <Filter Include="Elements">
      <UniqueIdentifier>{dc922065-2795-485a-ab5c-132441b79a95}</UniqueIdentifier>
    </Filter>
    <Filter Include="ui">
      <UniqueIdentifier>{f9805dea-bb70-487c-b8f5-0edc340d1257}</UniqueIdentifier>
    </Filter>
  </ItemGroup>
  <ItemGroup>
    <ClCompile Include="main.cpp">
      <Filter>Source Files</Filter>
    </ClCompile>
    <ClCompile Include="..\..\..\..\..\3rdparty\imgui\imgui.cpp">
      <Filter>imgui</Filter>
    </ClCompile>
    <ClCompile Include="..\..\..\..\..\3rdparty\imgui\imgui_demo.cpp">
      <Filter>imgui</Filter>
    </ClCompile>
    <ClCompile Include="..\..\..\..\..\3rdparty\imgui\imgui_draw.cpp">
      <Filter>imgui</Filter>
    </ClCompile>
    <ClCompile Include="..\..\..\..\..\3rdparty\imgui\imgui_tables.cpp">
      <Filter>imgui</Filter>
    </ClCompile>
    <ClCompile Include="..\..\..\..\..\3rdparty\imgui\imgui_widgets.cpp">
      <Filter>imgui</Filter>
    </ClCompile>
    <ClCompile Include="..\..\..\..\..\3rdparty\imgui\backends\imgui_impl_glfw.cpp">
      <Filter>imguigl</Filter>
    </ClCompile>
    <ClCompile Include="..\..\..\..\..\3rdparty\imgui\backends\imgui_impl_opengl3.cpp">
      <Filter>imguigl</Filter>
    </ClCompile>
    <ClCompile Include="render\opengl_buffer_manager.cpp">
      <Filter>Render</Filter>
    </ClCompile>
    <ClCompile Include="render\opengl_context.cpp">
      <Filter>Render</Filter>
    </ClCompile>
    <ClCompile Include="render\shader.cpp">
      <Filter>Render</Filter>
    </ClCompile>
    <ClCompile Include="render\ui_context.cpp">
      <Filter>Render</Filter>
    </ClCompile>
    <ClCompile Include="elems\mesh.cpp">
      <Filter>Elements</Filter>
    </ClCompile>
    <ClCompile Include="viewer.cpp">
      <Filter>Source Files</Filter>
    </ClCompile>
    <ClCompile Include="ui\property_panel.cpp">
      <Filter>ui</Filter>
    </ClCompile>
    <ClCompile Include="ui\scene_view.cpp">
      <Filter>ui</Filter>
    </ClCompile>
    <ClCompile Include="elems\strands.cpp">
      <Filter>Elements</Filter>
    </ClCompile>
  </ItemGroup>
  <ItemGroup>
    <ClInclude Include="..\..\..\..\..\3rdparty\imgui\imconfig.h">
      <Filter>imgui</Filter>
    </ClInclude>
    <ClInclude Include="..\..\..\..\..\3rdparty\imgui\imgui.h">
      <Filter>imgui</Filter>
    </ClInclude>
    <ClInclude Include="..\..\..\..\..\3rdparty\imgui\imgui_internal.h">
      <Filter>imgui</Filter>
    </ClInclude>
    <ClInclude Include="..\..\..\..\..\3rdparty\imgui\backends\imgui_impl_glfw.h">
      <Filter>imguigl</Filter>
    </ClInclude>
    <ClInclude Include="..\..\..\..\..\3rdparty\imgui\backends\imgui_impl_opengl3.h">
      <Filter>imguigl</Filter>
    </ClInclude>
    <ClInclude Include="..\..\..\..\..\3rdparty\imgui\backends\imgui_impl_opengl3_loader.h">
      <Filter>imguigl</Filter>
    </ClInclude>
    <ClInclude Include="render\render_base.h">
      <Filter>Render</Filter>
    </ClInclude>
    <ClInclude Include="elems\element.h">
      <Filter>Elements</Filter>
    </ClInclude>
    <ClInclude Include="elems\input.h">
      <Filter>Elements</Filter>
    </ClInclude>
    <ClInclude Include="render\opengl_buffer_manager.h">
      <Filter>Render</Filter>
    </ClInclude>
    <ClInclude Include="render\opengl_context.h">
      <Filter>Render</Filter>
    </ClInclude>
    <ClInclude Include="render\shader.h">
      <Filter>Render</Filter>
    </ClInclude>
    <ClInclude Include="render\ui_context.h">
      <Filter>Render</Filter>
    </ClInclude>
    <ClInclude Include="elems\camera.h">
      <Filter>Elements</Filter>
    </ClInclude>
    <ClInclude Include="elems\light.h">
      <Filter>Elements</Filter>
    </ClInclude>
    <ClInclude Include="elems\mesh.h">
      <Filter>Elements</Filter>
    </ClInclude>
    <ClInclude Include="viewer.h">
      <Filter>Header Files</Filter>
    </ClInclude>
    <ClInclude Include="window.h">
      <Filter>Header Files</Filter>
    </ClInclude>
    <ClInclude Include="ui\property_panel.h">
      <Filter>ui</Filter>
    </ClInclude>
    <ClInclude Include="ui\scene_view.h">
      <Filter>ui</Filter>
    </ClInclude>
    <ClInclude Include="ui\utils_imgui_widgets.h">
      <Filter>ui</Filter>
    </ClInclude>
    <ClInclude Include="ui\imguiplugins\ImFileBrowser.h">
      <Filter>ui</Filter>
    </ClInclude>
    <ClInclude Include="elems\strands.h">
      <Filter>Elements</Filter>
    </ClInclude>
    <ClInclude Include="elems\vertex.h">
      <Filter>Elements</Filter>
    </ClInclude>
    <ClInclude Include="elems\strand.h">
      <Filter>Elements</Filter>
    </ClInclude>
  </ItemGroup>
  <ItemGroup>
    <None Include="shaders\frag_fixed_mesh.frag">
      <Filter>shaders</Filter>
    </None>
    <None Include="shaders\vert_mesh.vert">
      <Filter>shaders</Filter>
    </None>
    <None Include="shaders\frag_simple_mesh.frag">
      <Filter>shaders</Filter>
    </None>
    <None Include="shaders\frag_pbr_mesh.frag">
      <Filter>shaders</Filter>
    </None>
    <None Include="shaders\vert_strands.vert">
      <Filter>shaders</Filter>
    </None>
    <None Include="shaders\frag_strands.frag">
      <Filter>shaders</Filter>
    </None>
    <None Include="shaders\vert_composite.vert">
      <Filter>shaders</Filter>
    </None>
    <None Include="shaders\frag_composite.frag">
      <Filter>shaders</Filter>
    </None>
  </ItemGroup>
</Project>